// !$*UTF8*$!
{
	archiveVersion = 1;
	classes = {
	};
	objectVersion = 55;
	objects = {

/* Begin PBXBuildFile section */
		4DD712B3268F280E00FA7653 /* AppDelegate.m in Sources */ = {isa = PBXBuildFile; fileRef = 4DD712B2268F280E00FA7653 /* AppDelegate.m */; };
		4DD712B6268F280E00FA7653 /* SceneDelegate.m in Sources */ = {isa = PBXBuildFile; fileRef = 4DD712B5268F280E00FA7653 /* SceneDelegate.m */; };
		4DD712BC268F280E00FA7653 /* Main.storyboard in Resources */ = {isa = PBXBuildFile; fileRef = 4DD712BA268F280E00FA7653 /* Main.storyboard */; };
		4DD712BF268F280E00FA7653 /* TestProject.xcdatamodeld in Sources */ = {isa = PBXBuildFile; fileRef = 4DD712BD268F280E00FA7653 /* TestProject.xcdatamodeld */; };
		4DD712C1268F280F00FA7653 /* Assets.xcassets in Resources */ = {isa = PBXBuildFile; fileRef = 4DD712C0268F280F00FA7653 /* Assets.xcassets */; };
		4DD712C4268F280F00FA7653 /* LaunchScreen.storyboard in Resources */ = {isa = PBXBuildFile; fileRef = 4DD712C2268F280F00FA7653 /* LaunchScreen.storyboard */; };
		4DD712C7268F280F00FA7653 /* main.m in Sources */ = {isa = PBXBuildFile; fileRef = 4DD712C6268F280F00FA7653 /* main.m */; };
		4DD712D1268F281000FA7653 /* TestProjectTests.m in Sources */ = {isa = PBXBuildFile; fileRef = 4DD712D0268F281000FA7653 /* TestProjectTests.m */; };
		4DD712DB268F281000FA7653 /* TestProjectUITests.m in Sources */ = {isa = PBXBuildFile; fileRef = 4DD712DA268F281000FA7653 /* TestProjectUITests.m */; };
		4DD712E9268F285D00FA7653 /* TableViewController.m in Sources */ = {isa = PBXBuildFile; fileRef = 4DD712E8268F285D00FA7653 /* TableViewController.m */; };
		4DD71314268F297400FA7653 /* AFNetworkActivityConsoleLogger.m in Sources */ = {isa = PBXBuildFile; fileRef = 4DD712EE268F297300FA7653 /* AFNetworkActivityConsoleLogger.m */; };
		4DD71315268F297400FA7653 /* AFNetworkActivityLogger.m in Sources */ = {isa = PBXBuildFile; fileRef = 4DD712F0268F297300FA7653 /* AFNetworkActivityLogger.m */; };
		4DD71316268F297400FA7653 /* UIProgressView+AFNetworking.m in Sources */ = {isa = PBXBuildFile; fileRef = 4DD712F3268F297300FA7653 /* UIProgressView+AFNetworking.m */; };
		4DD71317268F297400FA7653 /* UIRefreshControl+AFNetworking.m in Sources */ = {isa = PBXBuildFile; fileRef = 4DD712F5268F297300FA7653 /* UIRefreshControl+AFNetworking.m */; };
		4DD71318268F297400FA7653 /* AFNetworkActivityIndicatorManager.m in Sources */ = {isa = PBXBuildFile; fileRef = 4DD712F8268F297300FA7653 /* AFNetworkActivityIndicatorManager.m */; };
		4DD71319268F297400FA7653 /* WKWebView+AFNetworking.m in Sources */ = {isa = PBXBuildFile; fileRef = 4DD712FB268F297300FA7653 /* WKWebView+AFNetworking.m */; };
		4DD7131A268F297400FA7653 /* UIImageView+AFNetworking.m in Sources */ = {isa = PBXBuildFile; fileRef = 4DD712FD268F297300FA7653 /* UIImageView+AFNetworking.m */; };
		4DD7131B268F297400FA7653 /* UIButton+AFNetworking.m in Sources */ = {isa = PBXBuildFile; fileRef = 4DD71300268F297300FA7653 /* UIButton+AFNetworking.m */; };
		4DD7131C268F297400FA7653 /* UIActivityIndicatorView+AFNetworking.m in Sources */ = {isa = PBXBuildFile; fileRef = 4DD71301268F297300FA7653 /* UIActivityIndicatorView+AFNetworking.m */; };
		4DD7131D268F297400FA7653 /* AFAutoPurgingImageCache.m in Sources */ = {isa = PBXBuildFile; fileRef = 4DD71302268F297300FA7653 /* AFAutoPurgingImageCache.m */; };
		4DD7131E268F297400FA7653 /* AFImageDownloader.m in Sources */ = {isa = PBXBuildFile; fileRef = 4DD71304268F297300FA7653 /* AFImageDownloader.m */; };
		4DD7131F268F297400FA7653 /* AFURLResponseSerialization.m in Sources */ = {isa = PBXBuildFile; fileRef = 4DD7130A268F297400FA7653 /* AFURLResponseSerialization.m */; };
		4DD71320268F297400FA7653 /* AFHTTPSessionManager.m in Sources */ = {isa = PBXBuildFile; fileRef = 4DD7130B268F297400FA7653 /* AFHTTPSessionManager.m */; };
		4DD71321268F297400FA7653 /* AFURLSessionManager.m in Sources */ = {isa = PBXBuildFile; fileRef = 4DD7130D268F297400FA7653 /* AFURLSessionManager.m */; };
		4DD71322268F297400FA7653 /* AFURLRequestSerialization.m in Sources */ = {isa = PBXBuildFile; fileRef = 4DD7130E268F297400FA7653 /* AFURLRequestSerialization.m */; };
		4DD71323268F297400FA7653 /* AFNetworkReachabilityManager.m in Sources */ = {isa = PBXBuildFile; fileRef = 4DD71310268F297400FA7653 /* AFNetworkReachabilityManager.m */; };
		4DD71324268F297400FA7653 /* AFSecurityPolicy.m in Sources */ = {isa = PBXBuildFile; fileRef = 4DD71311268F297400FA7653 /* AFSecurityPolicy.m */; };
		4DD71328268F29BF00FA7653 /* ServiceManager.m in Sources */ = {isa = PBXBuildFile; fileRef = 4DD71327268F29BF00FA7653 /* ServiceManager.m */; };
		4DD7132B268F2C1500FA7653 /* CatFactService.m in Sources */ = {isa = PBXBuildFile; fileRef = 4DD7132A268F2C1500FA7653 /* CatFactService.m */; };
		4DD71334268F30F800FA7653 /* LabelTableViewCell.m in Sources */ = {isa = PBXBuildFile; fileRef = 4DD71333268F30F800FA7653 /* LabelTableViewCell.m */; };
		4DD71337268F42C900FA7653 /* RootTableViewController.m in Sources */ = {isa = PBXBuildFile; fileRef = 4DD71336268F42C900FA7653 /* RootTableViewController.m */; };
/* End PBXBuildFile section */

/* Begin PBXContainerItemProxy section */
		4DD712CD268F281000FA7653 /* PBXContainerItemProxy */ = {
			isa = PBXContainerItemProxy;
			containerPortal = 4DD712A6268F280E00FA7653 /* Project object */;
			proxyType = 1;
			remoteGlobalIDString = 4DD712AD268F280E00FA7653;
			remoteInfo = TestProject;
		};
		4DD712D7268F281000FA7653 /* PBXContainerItemProxy */ = {
			isa = PBXContainerItemProxy;
			containerPortal = 4DD712A6268F280E00FA7653 /* Project object */;
			proxyType = 1;
			remoteGlobalIDString = 4DD712AD268F280E00FA7653;
			remoteInfo = TestProject;
		};
/* End PBXContainerItemProxy section */

/* Begin PBXFileReference section */
		4DD712AE268F280E00FA7653 /* TestProject.app */ = {isa = PBXFileReference; explicitFileType = wrapper.application; includeInIndex = 0; path = TestProject.app; sourceTree = BUILT_PRODUCTS_DIR; };
		4DD712B1268F280E00FA7653 /* AppDelegate.h */ = {isa = PBXFileReference; lastKnownFileType = sourcecode.c.h; path = AppDelegate.h; sourceTree = "<group>"; };
		4DD712B2268F280E00FA7653 /* AppDelegate.m */ = {isa = PBXFileReference; lastKnownFileType = sourcecode.c.objc; path = AppDelegate.m; sourceTree = "<group>"; };
		4DD712B4268F280E00FA7653 /* SceneDelegate.h */ = {isa = PBXFileReference; lastKnownFileType = sourcecode.c.h; path = SceneDelegate.h; sourceTree = "<group>"; };
		4DD712B5268F280E00FA7653 /* SceneDelegate.m */ = {isa = PBXFileReference; lastKnownFileType = sourcecode.c.objc; path = SceneDelegate.m; sourceTree = "<group>"; };
		4DD712BB268F280E00FA7653 /* Base */ = {isa = PBXFileReference; lastKnownFileType = file.storyboard; name = Base; path = Base.lproj/Main.storyboard; sourceTree = "<group>"; };
		4DD712BE268F280E00FA7653 /* TestProject.xcdatamodel */ = {isa = PBXFileReference; lastKnownFileType = wrapper.xcdatamodel; path = TestProject.xcdatamodel; sourceTree = "<group>"; };
		4DD712C0268F280F00FA7653 /* Assets.xcassets */ = {isa = PBXFileReference; lastKnownFileType = folder.assetcatalog; path = Assets.xcassets; sourceTree = "<group>"; };
		4DD712C3268F280F00FA7653 /* Base */ = {isa = PBXFileReference; lastKnownFileType = file.storyboard; name = Base; path = Base.lproj/LaunchScreen.storyboard; sourceTree = "<group>"; };
		4DD712C5268F280F00FA7653 /* Info.plist */ = {isa = PBXFileReference; lastKnownFileType = text.plist.xml; path = Info.plist; sourceTree = "<group>"; };
		4DD712C6268F280F00FA7653 /* main.m */ = {isa = PBXFileReference; lastKnownFileType = sourcecode.c.objc; path = main.m; sourceTree = "<group>"; };
		4DD712CC268F281000FA7653 /* TestProjectTests.xctest */ = {isa = PBXFileReference; explicitFileType = wrapper.cfbundle; includeInIndex = 0; path = TestProjectTests.xctest; sourceTree = BUILT_PRODUCTS_DIR; };
		4DD712D0268F281000FA7653 /* TestProjectTests.m */ = {isa = PBXFileReference; lastKnownFileType = sourcecode.c.objc; path = TestProjectTests.m; sourceTree = "<group>"; };
		4DD712D6268F281000FA7653 /* TestProjectUITests.xctest */ = {isa = PBXFileReference; explicitFileType = wrapper.cfbundle; includeInIndex = 0; path = TestProjectUITests.xctest; sourceTree = BUILT_PRODUCTS_DIR; };
		4DD712DA268F281000FA7653 /* TestProjectUITests.m */ = {isa = PBXFileReference; lastKnownFileType = sourcecode.c.objc; path = TestProjectUITests.m; sourceTree = "<group>"; };
		4DD712E7268F285D00FA7653 /* TableViewController.h */ = {isa = PBXFileReference; lastKnownFileType = sourcecode.c.h; path = TableViewController.h; sourceTree = "<group>"; };
		4DD712E8268F285D00FA7653 /* TableViewController.m */ = {isa = PBXFileReference; lastKnownFileType = sourcecode.c.objc; path = TableViewController.m; sourceTree = "<group>"; };
		4DD712EC268F297300FA7653 /* AFNetworkActivityConsoleLogger.h */ = {isa = PBXFileReference; fileEncoding = 4; lastKnownFileType = sourcecode.c.h; path = AFNetworkActivityConsoleLogger.h; sourceTree = "<group>"; };
		4DD712ED268F297300FA7653 /* AFNetworkActivityLogger.h */ = {isa = PBXFileReference; fileEncoding = 4; lastKnownFileType = sourcecode.c.h; path = AFNetworkActivityLogger.h; sourceTree = "<group>"; };
		4DD712EE268F297300FA7653 /* AFNetworkActivityConsoleLogger.m */ = {isa = PBXFileReference; fileEncoding = 4; lastKnownFileType = sourcecode.c.objc; path = AFNetworkActivityConsoleLogger.m; sourceTree = "<group>"; };
		4DD712EF268F297300FA7653 /* AFNetworkActivityLoggerProtocol.h */ = {isa = PBXFileReference; fileEncoding = 4; lastKnownFileType = sourcecode.c.h; path = AFNetworkActivityLoggerProtocol.h; sourceTree = "<group>"; };
		4DD712F0268F297300FA7653 /* AFNetworkActivityLogger.m */ = {isa = PBXFileReference; fileEncoding = 4; lastKnownFileType = sourcecode.c.objc; path = AFNetworkActivityLogger.m; sourceTree = "<group>"; };
		4DD712F2268F297300FA7653 /* WKWebView+AFNetworking.h */ = {isa = PBXFileReference; fileEncoding = 4; lastKnownFileType = sourcecode.c.h; path = "WKWebView+AFNetworking.h"; sourceTree = "<group>"; };
		4DD712F3268F297300FA7653 /* UIProgressView+AFNetworking.m */ = {isa = PBXFileReference; fileEncoding = 4; lastKnownFileType = sourcecode.c.objc; path = "UIProgressView+AFNetworking.m"; sourceTree = "<group>"; };
		4DD712F4268F297300FA7653 /* UIButton+AFNetworking.h */ = {isa = PBXFileReference; fileEncoding = 4; lastKnownFileType = sourcecode.c.h; path = "UIButton+AFNetworking.h"; sourceTree = "<group>"; };
		4DD712F5268F297300FA7653 /* UIRefreshControl+AFNetworking.m */ = {isa = PBXFileReference; fileEncoding = 4; lastKnownFileType = sourcecode.c.objc; path = "UIRefreshControl+AFNetworking.m"; sourceTree = "<group>"; };
		4DD712F6268F297300FA7653 /* UIImageView+AFNetworking.h */ = {isa = PBXFileReference; fileEncoding = 4; lastKnownFileType = sourcecode.c.h; path = "UIImageView+AFNetworking.h"; sourceTree = "<group>"; };
		4DD712F7268F297300FA7653 /* AFImageDownloader.h */ = {isa = PBXFileReference; fileEncoding = 4; lastKnownFileType = sourcecode.c.h; path = AFImageDownloader.h; sourceTree = "<group>"; };
		4DD712F8268F297300FA7653 /* AFNetworkActivityIndicatorManager.m */ = {isa = PBXFileReference; fileEncoding = 4; lastKnownFileType = sourcecode.c.objc; path = AFNetworkActivityIndicatorManager.m; sourceTree = "<group>"; };
		4DD712F9268F297300FA7653 /* AFAutoPurgingImageCache.h */ = {isa = PBXFileReference; fileEncoding = 4; lastKnownFileType = sourcecode.c.h; path = AFAutoPurgingImageCache.h; sourceTree = "<group>"; };
		4DD712FA268F297300FA7653 /* UIActivityIndicatorView+AFNetworking.h */ = {isa = PBXFileReference; fileEncoding = 4; lastKnownFileType = sourcecode.c.h; path = "UIActivityIndicatorView+AFNetworking.h"; sourceTree = "<group>"; };
		4DD712FB268F297300FA7653 /* WKWebView+AFNetworking.m */ = {isa = PBXFileReference; fileEncoding = 4; lastKnownFileType = sourcecode.c.objc; path = "WKWebView+AFNetworking.m"; sourceTree = "<group>"; };
		4DD712FC268F297300FA7653 /* UIProgressView+AFNetworking.h */ = {isa = PBXFileReference; fileEncoding = 4; lastKnownFileType = sourcecode.c.h; path = "UIProgressView+AFNetworking.h"; sourceTree = "<group>"; };
		4DD712FD268F297300FA7653 /* UIImageView+AFNetworking.m */ = {isa = PBXFileReference; fileEncoding = 4; lastKnownFileType = sourcecode.c.objc; path = "UIImageView+AFNetworking.m"; sourceTree = "<group>"; };
		4DD712FE268F297300FA7653 /* UIKit+AFNetworking.h */ = {isa = PBXFileReference; fileEncoding = 4; lastKnownFileType = sourcecode.c.h; path = "UIKit+AFNetworking.h"; sourceTree = "<group>"; };
		4DD712FF268F297300FA7653 /* UIRefreshControl+AFNetworking.h */ = {isa = PBXFileReference; fileEncoding = 4; lastKnownFileType = sourcecode.c.h; path = "UIRefreshControl+AFNetworking.h"; sourceTree = "<group>"; };
		4DD71300268F297300FA7653 /* UIButton+AFNetworking.m */ = {isa = PBXFileReference; fileEncoding = 4; lastKnownFileType = sourcecode.c.objc; path = "UIButton+AFNetworking.m"; sourceTree = "<group>"; };
		4DD71301268F297300FA7653 /* UIActivityIndicatorView+AFNetworking.m */ = {isa = PBXFileReference; fileEncoding = 4; lastKnownFileType = sourcecode.c.objc; path = "UIActivityIndicatorView+AFNetworking.m"; sourceTree = "<group>"; };
		4DD71302268F297300FA7653 /* AFAutoPurgingImageCache.m */ = {isa = PBXFileReference; fileEncoding = 4; lastKnownFileType = sourcecode.c.objc; path = AFAutoPurgingImageCache.m; sourceTree = "<group>"; };
		4DD71303268F297300FA7653 /* AFNetworkActivityIndicatorManager.h */ = {isa = PBXFileReference; fileEncoding = 4; lastKnownFileType = sourcecode.c.h; path = AFNetworkActivityIndicatorManager.h; sourceTree = "<group>"; };
		4DD71304268F297300FA7653 /* AFImageDownloader.m */ = {isa = PBXFileReference; fileEncoding = 4; lastKnownFileType = sourcecode.c.objc; path = AFImageDownloader.m; sourceTree = "<group>"; };
		4DD71306268F297400FA7653 /* AFSecurityPolicy.h */ = {isa = PBXFileReference; fileEncoding = 4; lastKnownFileType = sourcecode.c.h; path = AFSecurityPolicy.h; sourceTree = "<group>"; };
		4DD71307268F297400FA7653 /* AFNetworkReachabilityManager.h */ = {isa = PBXFileReference; fileEncoding = 4; lastKnownFileType = sourcecode.c.h; path = AFNetworkReachabilityManager.h; sourceTree = "<group>"; };
		4DD71308268F297400FA7653 /* AFURLSessionManager.h */ = {isa = PBXFileReference; fileEncoding = 4; lastKnownFileType = sourcecode.c.h; path = AFURLSessionManager.h; sourceTree = "<group>"; };
		4DD71309268F297400FA7653 /* AFURLRequestSerialization.h */ = {isa = PBXFileReference; fileEncoding = 4; lastKnownFileType = sourcecode.c.h; path = AFURLRequestSerialization.h; sourceTree = "<group>"; };
		4DD7130A268F297400FA7653 /* AFURLResponseSerialization.m */ = {isa = PBXFileReference; fileEncoding = 4; lastKnownFileType = sourcecode.c.objc; path = AFURLResponseSerialization.m; sourceTree = "<group>"; };
		4DD7130B268F297400FA7653 /* AFHTTPSessionManager.m */ = {isa = PBXFileReference; fileEncoding = 4; lastKnownFileType = sourcecode.c.objc; path = AFHTTPSessionManager.m; sourceTree = "<group>"; };
		4DD7130C268F297400FA7653 /* AFURLResponseSerialization.h */ = {isa = PBXFileReference; fileEncoding = 4; lastKnownFileType = sourcecode.c.h; path = AFURLResponseSerialization.h; sourceTree = "<group>"; };
		4DD7130D268F297400FA7653 /* AFURLSessionManager.m */ = {isa = PBXFileReference; fileEncoding = 4; lastKnownFileType = sourcecode.c.objc; path = AFURLSessionManager.m; sourceTree = "<group>"; };
		4DD7130E268F297400FA7653 /* AFURLRequestSerialization.m */ = {isa = PBXFileReference; fileEncoding = 4; lastKnownFileType = sourcecode.c.objc; path = AFURLRequestSerialization.m; sourceTree = "<group>"; };
		4DD7130F268F297400FA7653 /* AFNetworking.h */ = {isa = PBXFileReference; fileEncoding = 4; lastKnownFileType = sourcecode.c.h; path = AFNetworking.h; sourceTree = "<group>"; };
		4DD71310268F297400FA7653 /* AFNetworkReachabilityManager.m */ = {isa = PBXFileReference; fileEncoding = 4; lastKnownFileType = sourcecode.c.objc; path = AFNetworkReachabilityManager.m; sourceTree = "<group>"; };
		4DD71311268F297400FA7653 /* AFSecurityPolicy.m */ = {isa = PBXFileReference; fileEncoding = 4; lastKnownFileType = sourcecode.c.objc; path = AFSecurityPolicy.m; sourceTree = "<group>"; };
		4DD71312268F297400FA7653 /* AFCompatibilityMacros.h */ = {isa = PBXFileReference; fileEncoding = 4; lastKnownFileType = sourcecode.c.h; path = AFCompatibilityMacros.h; sourceTree = "<group>"; };
		4DD71313268F297400FA7653 /* AFHTTPSessionManager.h */ = {isa = PBXFileReference; fileEncoding = 4; lastKnownFileType = sourcecode.c.h; path = AFHTTPSessionManager.h; sourceTree = "<group>"; };
		4DD71326268F29BF00FA7653 /* ServiceManager.h */ = {isa = PBXFileReference; lastKnownFileType = sourcecode.c.h; path = ServiceManager.h; sourceTree = "<group>"; };
		4DD71327268F29BF00FA7653 /* ServiceManager.m */ = {isa = PBXFileReference; lastKnownFileType = sourcecode.c.objc; path = ServiceManager.m; sourceTree = "<group>"; };
		4DD71329268F2C1500FA7653 /* CatFactService.h */ = {isa = PBXFileReference; lastKnownFileType = sourcecode.c.h; path = CatFactService.h; sourceTree = "<group>"; };
		4DD7132A268F2C1500FA7653 /* CatFactService.m */ = {isa = PBXFileReference; lastKnownFileType = sourcecode.c.objc; path = CatFactService.m; sourceTree = "<group>"; };
		4DD71332268F30F800FA7653 /* LabelTableViewCell.h */ = {isa = PBXFileReference; lastKnownFileType = sourcecode.c.h; path = LabelTableViewCell.h; sourceTree = "<group>"; };
		4DD71333268F30F800FA7653 /* LabelTableViewCell.m */ = {isa = PBXFileReference; lastKnownFileType = sourcecode.c.objc; path = LabelTableViewCell.m; sourceTree = "<group>"; };
		4DD71335268F42C900FA7653 /* RootTableViewController.h */ = {isa = PBXFileReference; lastKnownFileType = sourcecode.c.h; path = RootTableViewController.h; sourceTree = "<group>"; };
		4DD71336268F42C900FA7653 /* RootTableViewController.m */ = {isa = PBXFileReference; lastKnownFileType = sourcecode.c.objc; path = RootTableViewController.m; sourceTree = "<group>"; };
/* End PBXFileReference section */

/* Begin PBXFrameworksBuildPhase section */
		4DD712AB268F280E00FA7653 /* Frameworks */ = {
			isa = PBXFrameworksBuildPhase;
			buildActionMask = 2147483647;
			files = (
			);
			runOnlyForDeploymentPostprocessing = 0;
		};
		4DD712C9268F281000FA7653 /* Frameworks */ = {
			isa = PBXFrameworksBuildPhase;
			buildActionMask = 2147483647;
			files = (
			);
			runOnlyForDeploymentPostprocessing = 0;
		};
		4DD712D3268F281000FA7653 /* Frameworks */ = {
			isa = PBXFrameworksBuildPhase;
			buildActionMask = 2147483647;
			files = (
			);
			runOnlyForDeploymentPostprocessing = 0;
		};
/* End PBXFrameworksBuildPhase section */

/* Begin PBXGroup section */
		4DD712A5268F280E00FA7653 = {
			isa = PBXGroup;
			children = (
				4DD712B0268F280E00FA7653 /* TestProject */,
				4DD712CF268F281000FA7653 /* TestProjectTests */,
				4DD712D9268F281000FA7653 /* TestProjectUITests */,
				4DD712EA268F297300FA7653 /* Frameworks */,
				4DD712AF268F280E00FA7653 /* Products */,
			);
			sourceTree = "<group>";
		};
		4DD712AF268F280E00FA7653 /* Products */ = {
			isa = PBXGroup;
			children = (
				4DD712AE268F280E00FA7653 /* TestProject.app */,
				4DD712CC268F281000FA7653 /* TestProjectTests.xctest */,
				4DD712D6268F281000FA7653 /* TestProjectUITests.xctest */,
			);
			name = Products;
			sourceTree = "<group>";
		};
		4DD712B0268F280E00FA7653 /* TestProject */ = {
			isa = PBXGroup;
			children = (
				4DD7132C268F303E00FA7653 /* UI */,
				4DD71325268F299F00FA7653 /* Service */,
				4DD712B1268F280E00FA7653 /* AppDelegate.h */,
				4DD712B2268F280E00FA7653 /* AppDelegate.m */,
				4DD712B4268F280E00FA7653 /* SceneDelegate.h */,
				4DD712B5268F280E00FA7653 /* SceneDelegate.m */,
				4DD712BA268F280E00FA7653 /* Main.storyboard */,
				4DD712C0268F280F00FA7653 /* Assets.xcassets */,
				4DD712C2268F280F00FA7653 /* LaunchScreen.storyboard */,
				4DD712C5268F280F00FA7653 /* Info.plist */,
				4DD712C6268F280F00FA7653 /* main.m */,
				4DD712BD268F280E00FA7653 /* TestProject.xcdatamodeld */,
				4DD712E7268F285D00FA7653 /* TableViewController.h */,
				4DD712E8268F285D00FA7653 /* TableViewController.m */,
				4DD71335268F42C900FA7653 /* RootTableViewController.h */,
				4DD71336268F42C900FA7653 /* RootTableViewController.m */,
			);
			path = TestProject;
			sourceTree = "<group>";
		};
		4DD712CF268F281000FA7653 /* TestProjectTests */ = {
			isa = PBXGroup;
			children = (
				4DD712D0268F281000FA7653 /* TestProjectTests.m */,
			);
			path = TestProjectTests;
			sourceTree = "<group>";
		};
		4DD712D9268F281000FA7653 /* TestProjectUITests */ = {
			isa = PBXGroup;
			children = (
				4DD712DA268F281000FA7653 /* TestProjectUITests.m */,
			);
			path = TestProjectUITests;
			sourceTree = "<group>";
		};
		4DD712EA268F297300FA7653 /* Frameworks */ = {
			isa = PBXGroup;
			children = (
				4DD712EB268F297300FA7653 /* AFNetworkActivityLogger */,
				4DD712F1268F297300FA7653 /* UIKit+AFNetworking */,
				4DD71305268F297300FA7653 /* AFNetworking */,
			);
			path = Frameworks;
			sourceTree = "<group>";
		};
		4DD712EB268F297300FA7653 /* AFNetworkActivityLogger */ = {
			isa = PBXGroup;
			children = (
				4DD712EC268F297300FA7653 /* AFNetworkActivityConsoleLogger.h */,
				4DD712ED268F297300FA7653 /* AFNetworkActivityLogger.h */,
				4DD712EE268F297300FA7653 /* AFNetworkActivityConsoleLogger.m */,
				4DD712EF268F297300FA7653 /* AFNetworkActivityLoggerProtocol.h */,
				4DD712F0268F297300FA7653 /* AFNetworkActivityLogger.m */,
			);
			path = AFNetworkActivityLogger;
			sourceTree = "<group>";
		};
		4DD712F1268F297300FA7653 /* UIKit+AFNetworking */ = {
			isa = PBXGroup;
			children = (
				4DD712F2268F297300FA7653 /* WKWebView+AFNetworking.h */,
				4DD712F3268F297300FA7653 /* UIProgressView+AFNetworking.m */,
				4DD712F4268F297300FA7653 /* UIButton+AFNetworking.h */,
				4DD712F5268F297300FA7653 /* UIRefreshControl+AFNetworking.m */,
				4DD712F6268F297300FA7653 /* UIImageView+AFNetworking.h */,
				4DD712F7268F297300FA7653 /* AFImageDownloader.h */,
				4DD712F8268F297300FA7653 /* AFNetworkActivityIndicatorManager.m */,
				4DD712F9268F297300FA7653 /* AFAutoPurgingImageCache.h */,
				4DD712FA268F297300FA7653 /* UIActivityIndicatorView+AFNetworking.h */,
				4DD712FB268F297300FA7653 /* WKWebView+AFNetworking.m */,
				4DD712FC268F297300FA7653 /* UIProgressView+AFNetworking.h */,
				4DD712FD268F297300FA7653 /* UIImageView+AFNetworking.m */,
				4DD712FE268F297300FA7653 /* UIKit+AFNetworking.h */,
				4DD712FF268F297300FA7653 /* UIRefreshControl+AFNetworking.h */,
				4DD71300268F297300FA7653 /* UIButton+AFNetworking.m */,
				4DD71301268F297300FA7653 /* UIActivityIndicatorView+AFNetworking.m */,
				4DD71302268F297300FA7653 /* AFAutoPurgingImageCache.m */,
				4DD71303268F297300FA7653 /* AFNetworkActivityIndicatorManager.h */,
				4DD71304268F297300FA7653 /* AFImageDownloader.m */,
			);
			path = "UIKit+AFNetworking";
			sourceTree = "<group>";
		};
		4DD71305268F297300FA7653 /* AFNetworking */ = {
			isa = PBXGroup;
			children = (
				4DD71306268F297400FA7653 /* AFSecurityPolicy.h */,
				4DD71307268F297400FA7653 /* AFNetworkReachabilityManager.h */,
				4DD71308268F297400FA7653 /* AFURLSessionManager.h */,
				4DD71309268F297400FA7653 /* AFURLRequestSerialization.h */,
				4DD7130A268F297400FA7653 /* AFURLResponseSerialization.m */,
				4DD7130B268F297400FA7653 /* AFHTTPSessionManager.m */,
				4DD7130C268F297400FA7653 /* AFURLResponseSerialization.h */,
				4DD7130D268F297400FA7653 /* AFURLSessionManager.m */,
				4DD7130E268F297400FA7653 /* AFURLRequestSerialization.m */,
				4DD7130F268F297400FA7653 /* AFNetworking.h */,
				4DD71310268F297400FA7653 /* AFNetworkReachabilityManager.m */,
				4DD71311268F297400FA7653 /* AFSecurityPolicy.m */,
				4DD71312268F297400FA7653 /* AFCompatibilityMacros.h */,
				4DD71313268F297400FA7653 /* AFHTTPSessionManager.h */,
			);
			path = AFNetworking;
			sourceTree = "<group>";
		};
		4DD71325268F299F00FA7653 /* Service */ = {
			isa = PBXGroup;
			children = (
				4DD71326268F29BF00FA7653 /* ServiceManager.h */,
				4DD71327268F29BF00FA7653 /* ServiceManager.m */,
				4DD71329268F2C1500FA7653 /* CatFactService.h */,
				4DD7132A268F2C1500FA7653 /* CatFactService.m */,
			);
			path = Service;
			sourceTree = "<group>";
		};
		4DD7132C268F303E00FA7653 /* UI */ = {
			isa = PBXGroup;
			children = (
				4DD71332268F30F800FA7653 /* LabelTableViewCell.h */,
				4DD71333268F30F800FA7653 /* LabelTableViewCell.m */,
			);
			path = UI;
			sourceTree = "<group>";
		};
/* End PBXGroup section */

/* Begin PBXNativeTarget section */
		4DD712AD268F280E00FA7653 /* TestProject */ = {
			isa = PBXNativeTarget;
			buildConfigurationList = 4DD712DE268F281000FA7653 /* Build configuration list for PBXNativeTarget "TestProject" */;
			buildPhases = (
				4DD712AA268F280E00FA7653 /* Sources */,
				4DD712AB268F280E00FA7653 /* Frameworks */,
				4DD712AC268F280E00FA7653 /* Resources */,
			);
			buildRules = (
			);
			dependencies = (
			);
			name = TestProject;
			productName = TestProject;
			productReference = 4DD712AE268F280E00FA7653 /* TestProject.app */;
			productType = "com.apple.product-type.application";
		};
		4DD712CB268F281000FA7653 /* TestProjectTests */ = {
			isa = PBXNativeTarget;
			buildConfigurationList = 4DD712E1268F281000FA7653 /* Build configuration list for PBXNativeTarget "TestProjectTests" */;
			buildPhases = (
				4DD712C8268F281000FA7653 /* Sources */,
				4DD712C9268F281000FA7653 /* Frameworks */,
				4DD712CA268F281000FA7653 /* Resources */,
			);
			buildRules = (
			);
			dependencies = (
				4DD712CE268F281000FA7653 /* PBXTargetDependency */,
			);
			name = TestProjectTests;
			productName = TestProjectTests;
			productReference = 4DD712CC268F281000FA7653 /* TestProjectTests.xctest */;
			productType = "com.apple.product-type.bundle.unit-test";
		};
		4DD712D5268F281000FA7653 /* TestProjectUITests */ = {
			isa = PBXNativeTarget;
			buildConfigurationList = 4DD712E4268F281000FA7653 /* Build configuration list for PBXNativeTarget "TestProjectUITests" */;
			buildPhases = (
				4DD712D2268F281000FA7653 /* Sources */,
				4DD712D3268F281000FA7653 /* Frameworks */,
				4DD712D4268F281000FA7653 /* Resources */,
			);
			buildRules = (
			);
			dependencies = (
				4DD712D8268F281000FA7653 /* PBXTargetDependency */,
			);
			name = TestProjectUITests;
			productName = TestProjectUITests;
			productReference = 4DD712D6268F281000FA7653 /* TestProjectUITests.xctest */;
			productType = "com.apple.product-type.bundle.ui-testing";
		};
/* End PBXNativeTarget section */

/* Begin PBXProject section */
		4DD712A6268F280E00FA7653 /* Project object */ = {
			isa = PBXProject;
			attributes = {
				BuildIndependentTargetsInParallel = 1;
				LastUpgradeCheck = 1300;
				TargetAttributes = {
					4DD712AD268F280E00FA7653 = {
						CreatedOnToolsVersion = 13.0;
					};
					4DD712CB268F281000FA7653 = {
						CreatedOnToolsVersion = 13.0;
						TestTargetID = 4DD712AD268F280E00FA7653;
					};
					4DD712D5268F281000FA7653 = {
						CreatedOnToolsVersion = 13.0;
						TestTargetID = 4DD712AD268F280E00FA7653;
					};
				};
			};
			buildConfigurationList = 4DD712A9268F280E00FA7653 /* Build configuration list for PBXProject "TestProject" */;
			compatibilityVersion = "Xcode 13.0";
			developmentRegion = en;
			hasScannedForEncodings = 0;
			knownRegions = (
				en,
				Base,
			);
			mainGroup = 4DD712A5268F280E00FA7653;
			productRefGroup = 4DD712AF268F280E00FA7653 /* Products */;
			projectDirPath = "";
			projectRoot = "";
			targets = (
				4DD712AD268F280E00FA7653 /* TestProject */,
				4DD712CB268F281000FA7653 /* TestProjectTests */,
				4DD712D5268F281000FA7653 /* TestProjectUITests */,
			);
		};
/* End PBXProject section */

/* Begin PBXResourcesBuildPhase section */
		4DD712AC268F280E00FA7653 /* Resources */ = {
			isa = PBXResourcesBuildPhase;
			buildActionMask = 2147483647;
			files = (
				4DD712C4268F280F00FA7653 /* LaunchScreen.storyboard in Resources */,
				4DD712C1268F280F00FA7653 /* Assets.xcassets in Resources */,
				4DD712BC268F280E00FA7653 /* Main.storyboard in Resources */,
			);
			runOnlyForDeploymentPostprocessing = 0;
		};
		4DD712CA268F281000FA7653 /* Resources */ = {
			isa = PBXResourcesBuildPhase;
			buildActionMask = 2147483647;
			files = (
			);
			runOnlyForDeploymentPostprocessing = 0;
		};
		4DD712D4268F281000FA7653 /* Resources */ = {
			isa = PBXResourcesBuildPhase;
			buildActionMask = 2147483647;
			files = (
			);
			runOnlyForDeploymentPostprocessing = 0;
		};
/* End PBXResourcesBuildPhase section */

/* Begin PBXSourcesBuildPhase section */
		4DD712AA268F280E00FA7653 /* Sources */ = {
			isa = PBXSourcesBuildPhase;
			buildActionMask = 2147483647;
			files = (
				4DD7131D268F297400FA7653 /* AFAutoPurgingImageCache.m in Sources */,
				4DD71316268F297400FA7653 /* UIProgressView+AFNetworking.m in Sources */,
				4DD7132B268F2C1500FA7653 /* CatFactService.m in Sources */,
				4DD71337268F42C900FA7653 /* RootTableViewController.m in Sources */,
				4DD712C7268F280F00FA7653 /* main.m in Sources */,
				4DD71320268F297400FA7653 /* AFHTTPSessionManager.m in Sources */,
				4DD71334268F30F800FA7653 /* LabelTableViewCell.m in Sources */,
				4DD712B3268F280E00FA7653 /* AppDelegate.m in Sources */,
				4DD71314268F297400FA7653 /* AFNetworkActivityConsoleLogger.m in Sources */,
				4DD71318268F297400FA7653 /* AFNetworkActivityIndicatorManager.m in Sources */,
				4DD71322268F297400FA7653 /* AFURLRequestSerialization.m in Sources */,
				4DD712B6268F280E00FA7653 /* SceneDelegate.m in Sources */,
				4DD7131E268F297400FA7653 /* AFImageDownloader.m in Sources */,
				4DD71323268F297400FA7653 /* AFNetworkReachabilityManager.m in Sources */,
				4DD7131C268F297400FA7653 /* UIActivityIndicatorView+AFNetworking.m in Sources */,
				4DD71321268F297400FA7653 /* AFURLSessionManager.m in Sources */,
				4DD71328268F29BF00FA7653 /* ServiceManager.m in Sources */,
				4DD71317268F297400FA7653 /* UIRefreshControl+AFNetworking.m in Sources */,
				4DD7131A268F297400FA7653 /* UIImageView+AFNetworking.m in Sources */,
				4DD71315268F297400FA7653 /* AFNetworkActivityLogger.m in Sources */,
				4DD7131F268F297400FA7653 /* AFURLResponseSerialization.m in Sources */,
				4DD712E9268F285D00FA7653 /* TableViewController.m in Sources */,
				4DD712BF268F280E00FA7653 /* TestProject.xcdatamodeld in Sources */,
				4DD7131B268F297400FA7653 /* UIButton+AFNetworking.m in Sources */,
				4DD71324268F297400FA7653 /* AFSecurityPolicy.m in Sources */,
				4DD71319268F297400FA7653 /* WKWebView+AFNetworking.m in Sources */,
			);
			runOnlyForDeploymentPostprocessing = 0;
		};
		4DD712C8268F281000FA7653 /* Sources */ = {
			isa = PBXSourcesBuildPhase;
			buildActionMask = 2147483647;
			files = (
				4DD712D1268F281000FA7653 /* TestProjectTests.m in Sources */,
			);
			runOnlyForDeploymentPostprocessing = 0;
		};
		4DD712D2268F281000FA7653 /* Sources */ = {
			isa = PBXSourcesBuildPhase;
			buildActionMask = 2147483647;
			files = (
				4DD712DB268F281000FA7653 /* TestProjectUITests.m in Sources */,
			);
			runOnlyForDeploymentPostprocessing = 0;
		};
/* End PBXSourcesBuildPhase section */

/* Begin PBXTargetDependency section */
		4DD712CE268F281000FA7653 /* PBXTargetDependency */ = {
			isa = PBXTargetDependency;
			target = 4DD712AD268F280E00FA7653 /* TestProject */;
			targetProxy = 4DD712CD268F281000FA7653 /* PBXContainerItemProxy */;
		};
		4DD712D8268F281000FA7653 /* PBXTargetDependency */ = {
			isa = PBXTargetDependency;
			target = 4DD712AD268F280E00FA7653 /* TestProject */;
			targetProxy = 4DD712D7268F281000FA7653 /* PBXContainerItemProxy */;
		};
/* End PBXTargetDependency section */

/* Begin PBXVariantGroup section */
		4DD712BA268F280E00FA7653 /* Main.storyboard */ = {
			isa = PBXVariantGroup;
			children = (
				4DD712BB268F280E00FA7653 /* Base */,
			);
			name = Main.storyboard;
			sourceTree = "<group>";
		};
		4DD712C2268F280F00FA7653 /* LaunchScreen.storyboard */ = {
			isa = PBXVariantGroup;
			children = (
				4DD712C3268F280F00FA7653 /* Base */,
			);
			name = LaunchScreen.storyboard;
			sourceTree = "<group>";
		};
/* End PBXVariantGroup section */

/* Begin XCBuildConfiguration section */
		4DD712DC268F281000FA7653 /* Debug */ = {
			isa = XCBuildConfiguration;
			buildSettings = {
				ALWAYS_SEARCH_USER_PATHS = NO;
				CLANG_ANALYZER_NONNULL = YES;
				CLANG_ANALYZER_NUMBER_OBJECT_CONVERSION = YES_AGGRESSIVE;
				CLANG_CXX_LANGUAGE_STANDARD = "gnu++14";
				CLANG_CXX_LIBRARY = "libc++";
				CLANG_ENABLE_MODULES = YES;
				CLANG_ENABLE_OBJC_ARC = YES;
				CLANG_ENABLE_OBJC_WEAK = YES;
				CLANG_WARN_BLOCK_CAPTURE_AUTORELEASING = YES;
				CLANG_WARN_BOOL_CONVERSION = YES;
				CLANG_WARN_COMMA = YES;
				CLANG_WARN_CONSTANT_CONVERSION = YES;
				CLANG_WARN_DEPRECATED_OBJC_IMPLEMENTATIONS = YES;
				CLANG_WARN_DIRECT_OBJC_ISA_USAGE = YES_ERROR;
				CLANG_WARN_DOCUMENTATION_COMMENTS = YES;
				CLANG_WARN_EMPTY_BODY = YES;
				CLANG_WARN_ENUM_CONVERSION = YES;
				CLANG_WARN_INFINITE_RECURSION = YES;
				CLANG_WARN_INT_CONVERSION = YES;
				CLANG_WARN_NON_LITERAL_NULL_CONVERSION = YES;
				CLANG_WARN_OBJC_IMPLICIT_RETAIN_SELF = YES;
				CLANG_WARN_OBJC_LITERAL_CONVERSION = YES;
				CLANG_WARN_OBJC_ROOT_CLASS = YES_ERROR;
				CLANG_WARN_QUOTED_INCLUDE_IN_FRAMEWORK_HEADER = YES;
				CLANG_WARN_RANGE_LOOP_ANALYSIS = YES;
				CLANG_WARN_STRICT_PROTOTYPES = YES;
				CLANG_WARN_SUSPICIOUS_MOVE = YES;
				CLANG_WARN_UNGUARDED_AVAILABILITY = YES_AGGRESSIVE;
				CLANG_WARN_UNREACHABLE_CODE = YES;
				CLANG_WARN__DUPLICATE_METHOD_MATCH = YES;
				COPY_PHASE_STRIP = NO;
				DEBUG_INFORMATION_FORMAT = dwarf;
				ENABLE_STRICT_OBJC_MSGSEND = YES;
				ENABLE_TESTABILITY = YES;
				GCC_C_LANGUAGE_STANDARD = gnu11;
				GCC_DYNAMIC_NO_PIC = NO;
				GCC_NO_COMMON_BLOCKS = YES;
				GCC_OPTIMIZATION_LEVEL = 0;
				GCC_PREPROCESSOR_DEFINITIONS = (
					"DEBUG=1",
					"$(inherited)",
				);
				GCC_WARN_64_TO_32_BIT_CONVERSION = YES;
				GCC_WARN_ABOUT_RETURN_TYPE = YES_ERROR;
				GCC_WARN_UNDECLARED_SELECTOR = YES;
				GCC_WARN_UNINITIALIZED_AUTOS = YES_AGGRESSIVE;
				GCC_WARN_UNUSED_FUNCTION = YES;
				GCC_WARN_UNUSED_VARIABLE = YES;
				IPHONEOS_DEPLOYMENT_TARGET = 9.0;
				MTL_ENABLE_DEBUG_INFO = INCLUDE_SOURCE;
				MTL_FAST_MATH = YES;
				ONLY_ACTIVE_ARCH = YES;
				SDKROOT = iphoneos;
			};
			name = Debug;
		};
		4DD712DD268F281000FA7653 /* Release */ = {
			isa = XCBuildConfiguration;
			buildSettings = {
				ALWAYS_SEARCH_USER_PATHS = NO;
				CLANG_ANALYZER_NONNULL = YES;
				CLANG_ANALYZER_NUMBER_OBJECT_CONVERSION = YES_AGGRESSIVE;
				CLANG_CXX_LANGUAGE_STANDARD = "gnu++14";
				CLANG_CXX_LIBRARY = "libc++";
				CLANG_ENABLE_MODULES = YES;
				CLANG_ENABLE_OBJC_ARC = YES;
				CLANG_ENABLE_OBJC_WEAK = YES;
				CLANG_WARN_BLOCK_CAPTURE_AUTORELEASING = YES;
				CLANG_WARN_BOOL_CONVERSION = YES;
				CLANG_WARN_COMMA = YES;
				CLANG_WARN_CONSTANT_CONVERSION = YES;
				CLANG_WARN_DEPRECATED_OBJC_IMPLEMENTATIONS = YES;
				CLANG_WARN_DIRECT_OBJC_ISA_USAGE = YES_ERROR;
				CLANG_WARN_DOCUMENTATION_COMMENTS = YES;
				CLANG_WARN_EMPTY_BODY = YES;
				CLANG_WARN_ENUM_CONVERSION = YES;
				CLANG_WARN_INFINITE_RECURSION = YES;
				CLANG_WARN_INT_CONVERSION = YES;
				CLANG_WARN_NON_LITERAL_NULL_CONVERSION = YES;
				CLANG_WARN_OBJC_IMPLICIT_RETAIN_SELF = YES;
				CLANG_WARN_OBJC_LITERAL_CONVERSION = YES;
				CLANG_WARN_OBJC_ROOT_CLASS = YES_ERROR;
				CLANG_WARN_QUOTED_INCLUDE_IN_FRAMEWORK_HEADER = YES;
				CLANG_WARN_RANGE_LOOP_ANALYSIS = YES;
				CLANG_WARN_STRICT_PROTOTYPES = YES;
				CLANG_WARN_SUSPICIOUS_MOVE = YES;
				CLANG_WARN_UNGUARDED_AVAILABILITY = YES_AGGRESSIVE;
				CLANG_WARN_UNREACHABLE_CODE = YES;
				CLANG_WARN__DUPLICATE_METHOD_MATCH = YES;
				COPY_PHASE_STRIP = NO;
				DEBUG_INFORMATION_FORMAT = "dwarf-with-dsym";
				ENABLE_NS_ASSERTIONS = NO;
				ENABLE_STRICT_OBJC_MSGSEND = YES;
				GCC_C_LANGUAGE_STANDARD = gnu11;
				GCC_NO_COMMON_BLOCKS = YES;
				GCC_WARN_64_TO_32_BIT_CONVERSION = YES;
				GCC_WARN_ABOUT_RETURN_TYPE = YES_ERROR;
				GCC_WARN_UNDECLARED_SELECTOR = YES;
				GCC_WARN_UNINITIALIZED_AUTOS = YES_AGGRESSIVE;
				GCC_WARN_UNUSED_FUNCTION = YES;
				GCC_WARN_UNUSED_VARIABLE = YES;
				IPHONEOS_DEPLOYMENT_TARGET = 9.0;
				MTL_ENABLE_DEBUG_INFO = NO;
				MTL_FAST_MATH = YES;
				SDKROOT = iphoneos;
				VALIDATE_PRODUCT = YES;
			};
			name = Release;
		};
		4DD712DF268F281000FA7653 /* Debug */ = {
			isa = XCBuildConfiguration;
			buildSettings = {
				ASSETCATALOG_COMPILER_APPICON_NAME = AppIcon;
				ASSETCATALOG_COMPILER_GLOBAL_ACCENT_COLOR_NAME = AccentColor;
				CODE_SIGN_STYLE = Automatic;
				CURRENT_PROJECT_VERSION = 1;
				DEVELOPMENT_TEAM = "";
				GENERATE_INFOPLIST_FILE = YES;
				INFOPLIST_FILE = TestProject/Info.plist;
				INFOPLIST_KEY_UIApplicationSupportsIndirectInputEvents = YES;
				INFOPLIST_KEY_UILaunchStoryboardName = LaunchScreen;
				INFOPLIST_KEY_UIMainStoryboardFile = Main;
				INFOPLIST_KEY_UISupportedInterfaceOrientations_iPad = "UIInterfaceOrientationPortrait UIInterfaceOrientationPortraitUpsideDown UIInterfaceOrientationLandscapeLeft UIInterfaceOrientationLandscapeRight";
				INFOPLIST_KEY_UISupportedInterfaceOrientations_iPhone = "UIInterfaceOrientationPortrait UIInterfaceOrientationLandscapeLeft UIInterfaceOrientationLandscapeRight";
				LD_RUNPATH_SEARCH_PATHS = (
					"$(inherited)",
					"@executable_path/Frameworks",
				);
				MARKETING_VERSION = 1.0;
				PRODUCT_BUNDLE_IDENTIFIER = com.test.program.TestProject;
				PRODUCT_NAME = "$(TARGET_NAME)";
				SWIFT_EMIT_LOC_STRINGS = YES;
				TARGETED_DEVICE_FAMILY = 1;
			};
			name = Debug;
		};
		4DD712E0268F281000FA7653 /* Release */ = {
			isa = XCBuildConfiguration;
			buildSettings = {
				ASSETCATALOG_COMPILER_APPICON_NAME = AppIcon;
				ASSETCATALOG_COMPILER_GLOBAL_ACCENT_COLOR_NAME = AccentColor;
				CODE_SIGN_STYLE = Automatic;
				CURRENT_PROJECT_VERSION = 1;
				DEVELOPMENT_TEAM = "";
				GENERATE_INFOPLIST_FILE = YES;
				INFOPLIST_FILE = TestProject/Info.plist;
				INFOPLIST_KEY_UIApplicationSupportsIndirectInputEvents = YES;
				INFOPLIST_KEY_UILaunchStoryboardName = LaunchScreen;
				INFOPLIST_KEY_UIMainStoryboardFile = Main;
				INFOPLIST_KEY_UISupportedInterfaceOrientations_iPad = "UIInterfaceOrientationPortrait UIInterfaceOrientationPortraitUpsideDown UIInterfaceOrientationLandscapeLeft UIInterfaceOrientationLandscapeRight";
				INFOPLIST_KEY_UISupportedInterfaceOrientations_iPhone = "UIInterfaceOrientationPortrait UIInterfaceOrientationLandscapeLeft UIInterfaceOrientationLandscapeRight";
				LD_RUNPATH_SEARCH_PATHS = (
					"$(inherited)",
					"@executable_path/Frameworks",
				);
				MARKETING_VERSION = 1.0;
				PRODUCT_BUNDLE_IDENTIFIER = com.test.program.TestProject;
				PRODUCT_NAME = "$(TARGET_NAME)";
				SWIFT_EMIT_LOC_STRINGS = YES;
				TARGETED_DEVICE_FAMILY = 1;
			};
			name = Release;
		};
		4DD712E2268F281000FA7653 /* Debug */ = {
			isa = XCBuildConfiguration;
			buildSettings = {
				BUNDLE_LOADER = "$(TEST_HOST)";
				CODE_SIGN_STYLE = Automatic;
				CURRENT_PROJECT_VERSION = 1;
				DEVELOPMENT_TEAM = 3KD3TXD5V7;
				GENERATE_INFOPLIST_FILE = YES;
				IPHONEOS_DEPLOYMENT_TARGET = 15.0;
				LD_RUNPATH_SEARCH_PATHS = (
					"$(inherited)",
					"@executable_path/Frameworks",
					"@loader_path/Frameworks",
				);
				MARKETING_VERSION = 1.0;
				PRODUCT_BUNDLE_IDENTIFIER = com.test.program.TestProjectTests;
				PRODUCT_NAME = "$(TARGET_NAME)";
				SWIFT_EMIT_LOC_STRINGS = NO;
				TARGETED_DEVICE_FAMILY = "1,2";
				TEST_HOST = "$(BUILT_PRODUCTS_DIR)/TestProject.app/TestProject";
			};
			name = Debug;
		};
		4DD712E3268F281000FA7653 /* Release */ = {
			isa = XCBuildConfiguration;
			buildSettings = {
				BUNDLE_LOADER = "$(TEST_HOST)";
				CODE_SIGN_STYLE = Automatic;
				CURRENT_PROJECT_VERSION = 1;
				DEVELOPMENT_TEAM = 3KD3TXD5V7;
				GENERATE_INFOPLIST_FILE = YES;
				IPHONEOS_DEPLOYMENT_TARGET = 15.0;
				LD_RUNPATH_SEARCH_PATHS = (
					"$(inherited)",
					"@executable_path/Frameworks",
					"@loader_path/Frameworks",
				);
				MARKETING_VERSION = 1.0;
				PRODUCT_BUNDLE_IDENTIFIER = com.test.program.TestProjectTests;
				PRODUCT_NAME = "$(TARGET_NAME)";
				SWIFT_EMIT_LOC_STRINGS = NO;
				TARGETED_DEVICE_FAMILY = "1,2";
				TEST_HOST = "$(BUILT_PRODUCTS_DIR)/TestProject.app/TestProject";
			};
			name = Release;
		};
		4DD712E5268F281000FA7653 /* Debug */ = {
			isa = XCBuildConfiguration;
			buildSettings = {
				CODE_SIGN_STYLE = Automatic;
				CURRENT_PROJECT_VERSION = 1;
				DEVELOPMENT_TEAM = 3KD3TXD5V7;
				GENERATE_INFOPLIST_FILE = YES;
				LD_RUNPATH_SEARCH_PATHS = (
					"$(inherited)",
					"@executable_path/Frameworks",
					"@loader_path/Frameworks",
				);
				MARKETING_VERSION = 1.0;
				PRODUCT_BUNDLE_IDENTIFIER = com.test.program.TestProjectUITests;
				PRODUCT_NAME = "$(TARGET_NAME)";
				SWIFT_EMIT_LOC_STRINGS = NO;
				TARGETED_DEVICE_FAMILY = "1,2";
				TEST_TARGET_NAME = TestProject;
			};
			name = Debug;
		};
		4DD712E6268F281000FA7653 /* Release */ = {
			isa = XCBuildConfiguration;
			buildSettings = {
				CODE_SIGN_STYLE = Automatic;
				CURRENT_PROJECT_VERSION = 1;
				DEVELOPMENT_TEAM = 3KD3TXD5V7;
				GENERATE_INFOPLIST_FILE = YES;
				LD_RUNPATH_SEARCH_PATHS = (
					"$(inherited)",
					"@executable_path/Frameworks",
					"@loader_path/Frameworks",
				);
				MARKETING_VERSION = 1.0;
				PRODUCT_BUNDLE_IDENTIFIER = com.test.program.TestProjectUITests;
				PRODUCT_NAME = "$(TARGET_NAME)";
				SWIFT_EMIT_LOC_STRINGS = NO;
				TARGETED_DEVICE_FAMILY = "1,2";
				TEST_TARGET_NAME = TestProject;
			};
			name = Release;
		};
/* End XCBuildConfiguration section */

/* Begin XCConfigurationList section */
		4DD712A9268F280E00FA7653 /* Build configuration list for PBXProject "TestProject" */ = {
			isa = XCConfigurationList;
			buildConfigurations = (
				4DD712DC268F281000FA7653 /* Debug */,
				4DD712DD268F281000FA7653 /* Release */,
			);
			defaultConfigurationIsVisible = 0;
			defaultConfigurationName = Release;
		};
		4DD712DE268F281000FA7653 /* Build configuration list for PBXNativeTarget "TestProject" */ = {
			isa = XCConfigurationList;
			buildConfigurations = (
				4DD712DF268F281000FA7653 /* Debug */,
				4DD712E0268F281000FA7653 /* Release */,
			);
			defaultConfigurationIsVisible = 0;
			defaultConfigurationName = Release;
		};
		4DD712E1268F281000FA7653 /* Build configuration list for PBXNativeTarget "TestProjectTests" */ = {
			isa = XCConfigurationList;
			buildConfigurations = (
				4DD712E2268F281000FA7653 /* Debug */,
				4DD712E3268F281000FA7653 /* Release */,
			);
			defaultConfigurationIsVisible = 0;
			defaultConfigurationName = Release;
		};
		4DD712E4268F281000FA7653 /* Build configuration list for PBXNativeTarget "TestProjectUITests" */ = {
			isa = XCConfigurationList;
			buildConfigurations = (
				4DD712E5268F281000FA7653 /* Debug */,
				4DD712E6268F281000FA7653 /* Release */,
			);
			defaultConfigurationIsVisible = 0;
			defaultConfigurationName = Release;
		};
/* End XCConfigurationList section */

/* Begin XCVersionGroup section */
		4DD712BD268F280E00FA7653 /* TestProject.xcdatamodeld */ = {
			isa = XCVersionGroup;
			children = (
				4DD712BE268F280E00FA7653 /* TestProject.xcdatamodel */,
			);
			currentVersion = 4DD712BE268F280E00FA7653 /* TestProject.xcdatamodel */;
			path = TestProject.xcdatamodeld;
			sourceTree = "<group>";
			versionGroupType = wrapper.xcdatamodel;
		};
/* End XCVersionGroup section */
	};
	rootObject = 4DD712A6268F280E00FA7653 /* Project object */;
}
